
Microsoft Visual Studio Solution File, Format Version 12.00
# Visual Studio Version 17
VisualStudioVersion = 17.0.32014.148
MinimumVisualStudioVersion = 10.0.40219.1
Project("{FAE04EC0-301F-11D3-BF4B-00C04F79EFBC}") = "WebAPIAutores", "WebAPIAutores\WebAPIAutores.csproj", "{C26C0811-B197-4F6B-8413-3412F50F4EE0}"
EndProject
Global
	GlobalSection(SolutionConfigurationPlatforms) = preSolution
		Debug|Any CPU = Debug|Any CPU
		Release|Any CPU = Release|Any CPU
	EndGlobalSection
	GlobalSection(ProjectConfigurationPlatforms) = postSolution
		{C26C0811-B197-4F6B-8413-3412F50F4EE0}.Debug|Any CPU.ActiveCfg = Debug|Any CPU
		{C26C0811-B197-4F6B-8413-3412F50F4EE0}.Debug|Any CPU.Build.0 = Debug|Any CPU
		{C26C0811-B197-4F6B-8413-3412F50F4EE0}.Release|Any CPU.ActiveCfg = Release|Any CPU
		{C26C0811-B197-4F6B-8413-3412F50F4EE0}.Release|Any CPU.Build.0 = Release|Any CPU
	EndGlobalSection
	GlobalSection(SolutionProperties) = preSolution
		HideSolutionNode = FALSE
	EndGlobalSection
	GlobalSection(ExtensibilityGlobals) = postSolution
		SolutionGuid = {25DCD83D-4CB5-491E-B4B2-6C5A501D4AE2}
	EndGlobalSection
EndGlobal
